
Microsoft Visual Studio Solution File, Format Version 12.00
# Visual Studio Version 17
VisualStudioVersion = 17.7.34031.279
MinimumVisualStudioVersion = 10.0.40219.1
Project("{9A19103F-16F7-4668-BE54-9A1E7A4F7556}") = "MagicStickUI", "MagicStickUI\MagicStickUI.csproj", "{F69B3CFE-54AB-4604-9DAA-FCB98E974D89}"
EndProject
Project("{9A19103F-16F7-4668-BE54-9A1E7A4F7556}") = "TestConsole", "TestConsole\TestConsole.csproj", "{AFDC4FA2-E199-4C65-8ACE-04DA6F795884}"
EndProject
Global
	GlobalSection(SolutionConfigurationPlatforms) = preSolution
		Debug|Any CPU = Debug|Any CPU
		Debug|x64 = Debug|x64
		Debug|x86 = Debug|x86
		Release|Any CPU = Release|Any CPU
		Release|x64 = Release|x64
		Release|x86 = Release|x86
	EndGlobalSection
	GlobalSection(ProjectConfigurationPlatforms) = postSolution
		{F69B3CFE-54AB-4604-9DAA-FCB98E974D89}.Debug|Any CPU.ActiveCfg = Debug|Any CPU
		{F69B3CFE-54AB-4604-9DAA-FCB98E974D89}.Debug|Any CPU.Build.0 = Debug|Any CPU
		{F69B3CFE-54AB-4604-9DAA-FCB98E974D89}.Debug|x64.ActiveCfg = Debug|Any CPU
		{F69B3CFE-54AB-4604-9DAA-FCB98E974D89}.Debug|x64.Build.0 = Debug|Any CPU
		{F69B3CFE-54AB-4604-9DAA-FCB98E974D89}.Debug|x86.ActiveCfg = Debug|Any CPU
		{F69B3CFE-54AB-4604-9DAA-FCB98E974D89}.Debug|x86.Build.0 = Debug|Any CPU
		{F69B3CFE-54AB-4604-9DAA-FCB98E974D89}.Release|Any CPU.ActiveCfg = Release|Any CPU
		{F69B3CFE-54AB-4604-9DAA-FCB98E974D89}.Release|Any CPU.Build.0 = Release|Any CPU
		{F69B3CFE-54AB-4604-9DAA-FCB98E974D89}.Release|x64.ActiveCfg = Release|Any CPU
		{F69B3CFE-54AB-4604-9DAA-FCB98E974D89}.Release|x64.Build.0 = Release|Any CPU
		{F69B3CFE-54AB-4604-9DAA-FCB98E974D89}.Release|x86.ActiveCfg = Release|Any CPU
		{F69B3CFE-54AB-4604-9DAA-FCB98E974D89}.Release|x86.Build.0 = Release|Any CPU
		{AFDC4FA2-E199-4C65-8ACE-04DA6F795884}.Debug|Any CPU.ActiveCfg = Debug|Any CPU
		{AFDC4FA2-E199-4C65-8ACE-04DA6F795884}.Debug|Any CPU.Build.0 = Debug|Any CPU
		{AFDC4FA2-E199-4C65-8ACE-04DA6F795884}.Debug|x64.ActiveCfg = Debug|Any CPU
		{AFDC4FA2-E199-4C65-8ACE-04DA6F795884}.Debug|x64.Build.0 = Debug|Any CPU
		{AFDC4FA2-E199-4C65-8ACE-04DA6F795884}.Debug|x86.ActiveCfg = Debug|Any CPU
		{AFDC4FA2-E199-4C65-8ACE-04DA6F795884}.Debug|x86.Build.0 = Debug|Any CPU
		{AFDC4FA2-E199-4C65-8ACE-04DA6F795884}.Release|Any CPU.ActiveCfg = Release|Any CPU
		{AFDC4FA2-E199-4C65-8ACE-04DA6F795884}.Release|Any CPU.Build.0 = Release|Any CPU
		{AFDC4FA2-E199-4C65-8ACE-04DA6F795884}.Release|x64.ActiveCfg = Release|Any CPU
		{AFDC4FA2-E199-4C65-8ACE-04DA6F795884}.Release|x64.Build.0 = Release|Any CPU
		{AFDC4FA2-E199-4C65-8ACE-04DA6F795884}.Release|x86.ActiveCfg = Release|Any CPU
		{AFDC4FA2-E199-4C65-8ACE-04DA6F795884}.Release|x86.Build.0 = Release|Any CPU
	EndGlobalSection
	GlobalSection(SolutionProperties) = preSolution
		HideSolutionNode = FALSE
	EndGlobalSection
	GlobalSection(ExtensibilityGlobals) = postSolution
		SolutionGuid = {0C17F638-FC00-4EDD-B912-EBD8ECCF3A80}
	EndGlobalSection
EndGlobal
